
Microsoft Visual Studio Solution File, Format Version 12.00
# Visual Studio Version 17
VisualStudioVersion = 17.2.32602.215
MinimumVisualStudioVersion = 10.0.40219.1
Project("{9A19103F-16F7-4668-BE54-9A1E7A4F7556}") = "AddressBookDB", "AddressBookDB\AddressBookDB.csproj", "{212F68E5-5C4B-436B-8F71-1F82C8F78EF7}"
EndProject
Project("{FAE04EC0-301F-11D3-BF4B-00C04F79EFBC}") = "TestAddressBook", "TestAddressBook\TestAddressBook.csproj", "{D58B6FC1-7DB6-4F87-9B6A-B330761B6793}"
EndProject
Global
	GlobalSection(SolutionConfigurationPlatforms) = preSolution
		Debug|Any CPU = Debug|Any CPU
		Release|Any CPU = Release|Any CPU
	EndGlobalSection
	GlobalSection(ProjectConfigurationPlatforms) = postSolution
		{212F68E5-5C4B-436B-8F71-1F82C8F78EF7}.Debug|Any CPU.ActiveCfg = Debug|Any CPU
		{212F68E5-5C4B-436B-8F71-1F82C8F78EF7}.Debug|Any CPU.Build.0 = Debug|Any CPU
		{212F68E5-5C4B-436B-8F71-1F82C8F78EF7}.Release|Any CPU.ActiveCfg = Release|Any CPU
		{212F68E5-5C4B-436B-8F71-1F82C8F78EF7}.Release|Any CPU.Build.0 = Release|Any CPU
		{D58B6FC1-7DB6-4F87-9B6A-B330761B6793}.Debug|Any CPU.ActiveCfg = Debug|Any CPU
		{D58B6FC1-7DB6-4F87-9B6A-B330761B6793}.Debug|Any CPU.Build.0 = Debug|Any CPU
		{D58B6FC1-7DB6-4F87-9B6A-B330761B6793}.Release|Any CPU.ActiveCfg = Release|Any CPU
		{D58B6FC1-7DB6-4F87-9B6A-B330761B6793}.Release|Any CPU.Build.0 = Release|Any CPU
	EndGlobalSection
	GlobalSection(SolutionProperties) = preSolution
		HideSolutionNode = FALSE
	EndGlobalSection
	GlobalSection(ExtensibilityGlobals) = postSolution
		SolutionGuid = {45F939D0-221C-4712-92DE-2402601F55A3}
	EndGlobalSection
EndGlobal
